// !$*UTF8*$!
{
	archiveVersion = 1;
	classes = {
	};
	objectVersion = 50;
	objects = {

/* Begin PBXBuildFile section */
		7C6DA68D2268E99F004F3933 /* Category.swift in Sources */ = {isa = PBXBuildFile; fileRef = 7C6DA68C2268E99F004F3933 /* Category.swift */; };
		7C6DA68F2268E9C6004F3933 /* CATegory1.swift in Sources */ = {isa = PBXBuildFile; fileRef = 7C6DA68E2268E9C6004F3933 /* CATegory1.swift */; };
		7C7B49CC2263ACDE001F098B /* AppDelegate.swift in Sources */ = {isa = PBXBuildFile; fileRef = 7C7B49CB2263ACDE001F098B /* AppDelegate.swift */; };
		7C7B49CE2263ACDE001F098B /* ToDoListViewController.swift in Sources */ = {isa = PBXBuildFile; fileRef = 7C7B49CD2263ACDE001F098B /* ToDoListViewController.swift */; };
		7C7B49D12263ACDE001F098B /* Main.storyboard in Resources */ = {isa = PBXBuildFile; fileRef = 7C7B49CF2263ACDE001F098B /* Main.storyboard */; };
		7C7B49D32263ACE5001F098B /* Assets.xcassets in Resources */ = {isa = PBXBuildFile; fileRef = 7C7B49D22263ACE5001F098B /* Assets.xcassets */; };
		7C7B49D62263ACE5001F098B /* LaunchScreen.storyboard in Resources */ = {isa = PBXBuildFile; fileRef = 7C7B49D42263ACE5001F098B /* LaunchScreen.storyboard */; };
		7CF65EB222661B6C00223F28 /* Item.swift in Sources */ = {isa = PBXBuildFile; fileRef = 7CF65EB122661B6C00223F28 /* Item.swift */; };
/* End PBXBuildFile section */

/* Begin PBXFileReference section */
		7C6DA68C2268E99F004F3933 /* Category.swift */ = {isa = PBXFileReference; lastKnownFileType = sourcecode.swift; path = Category.swift; sourceTree = "<group>"; };
		7C6DA68E2268E9C6004F3933 /* CATegory1.swift */ = {isa = PBXFileReference; lastKnownFileType = sourcecode.swift; path = CATegory1.swift; sourceTree = "<group>"; };
		7C7B49C82263ACDE001F098B /* Todoey.app */ = {isa = PBXFileReference; explicitFileType = wrapper.application; includeInIndex = 0; path = Todoey.app; sourceTree = BUILT_PRODUCTS_DIR; };
		7C7B49CB2263ACDE001F098B /* AppDelegate.swift */ = {isa = PBXFileReference; lastKnownFileType = sourcecode.swift; path = AppDelegate.swift; sourceTree = "<group>"; };
		7C7B49CD2263ACDE001F098B /* ToDoListViewController.swift */ = {isa = PBXFileReference; lastKnownFileType = sourcecode.swift; path = ToDoListViewController.swift; sourceTree = "<group>"; };
		7C7B49D02263ACDE001F098B /* Base */ = {isa = PBXFileReference; lastKnownFileType = file.storyboard; name = Base; path = Base.lproj/Main.storyboard; sourceTree = "<group>"; };
		7C7B49D22263ACE5001F098B /* Assets.xcassets */ = {isa = PBXFileReference; lastKnownFileType = folder.assetcatalog; path = Assets.xcassets; sourceTree = "<group>"; };
		7C7B49D52263ACE5001F098B /* Base */ = {isa = PBXFileReference; lastKnownFileType = file.storyboard; name = Base; path = Base.lproj/LaunchScreen.storyboard; sourceTree = "<group>"; };
		7C7B49D72263ACE5001F098B /* Info.plist */ = {isa = PBXFileReference; lastKnownFileType = text.plist.xml; path = Info.plist; sourceTree = "<group>"; };
		7CF65EB122661B6C00223F28 /* Item.swift */ = {isa = PBXFileReference; lastKnownFileType = sourcecode.swift; path = Item.swift; sourceTree = "<group>"; };
/* End PBXFileReference section */

/* Begin PBXFrameworksBuildPhase section */
		7C7B49C52263ACDE001F098B /* Frameworks */ = {
			isa = PBXFrameworksBuildPhase;
			buildActionMask = 2147483647;
			files = (
			);
			runOnlyForDeploymentPostprocessing = 0;
		};
/* End PBXFrameworksBuildPhase section */

/* Begin PBXGroup section */
		7C7B49BF2263ACDE001F098B = {
			isa = PBXGroup;
			children = (
				7C7B49CA2263ACDE001F098B /* Todoey */,
				7C7B49C92263ACDE001F098B /* Products */,
			);
			sourceTree = "<group>";
		};
		7C7B49C92263ACDE001F098B /* Products */ = {
			isa = PBXGroup;
			children = (
				7C7B49C82263ACDE001F098B /* Todoey.app */,
			);
			name = Products;
			sourceTree = "<group>";
		};
		7C7B49CA2263ACDE001F098B /* Todoey */ = {
			isa = PBXGroup;
			children = (
				7C7B49CB2263ACDE001F098B /* AppDelegate.swift */,
				7CF65EB422661BAC00223F28 /* Controllers */,
				7CF65EB322661B7000223F28 /* DataModel */,
				7CF65EB522661BB600223F28 /* Views */,
				7C7B49D22263ACE5001F098B /* Assets.xcassets */,
				7C7B49D42263ACE5001F098B /* LaunchScreen.storyboard */,
				7C7B49D72263ACE5001F098B /* Info.plist */,
			);
			path = Todoey;
			sourceTree = "<group>";
		};
		7CF65EB322661B7000223F28 /* DataModel */ = {
			isa = PBXGroup;
			children = (
				7CF65EB122661B6C00223F28 /* Item.swift */,
				7C6DA68C2268E99F004F3933 /* Category.swift */,
				7C6DA68E2268E9C6004F3933 /* CATegory1.swift */,
			);
			path = DataModel;
			sourceTree = "<group>";
		};
		7CF65EB422661BAC00223F28 /* Controllers */ = {
			isa = PBXGroup;
			children = (
				7C7B49CD2263ACDE001F098B /* ToDoListViewController.swift */,
			);
			path = Controllers;
			sourceTree = "<group>";
		};
		7CF65EB522661BB600223F28 /* Views */ = {
			isa = PBXGroup;
			children = (
				7C7B49CF2263ACDE001F098B /* Main.storyboard */,
			);
			path = Views;
			sourceTree = "<group>";
		};
/* End PBXGroup section */

/* Begin PBXNativeTarget section */
		7C7B49C72263ACDE001F098B /* Todoey */ = {
			isa = PBXNativeTarget;
			buildConfigurationList = 7C7B49DA2263ACE5001F098B /* Build configuration list for PBXNativeTarget "Todoey" */;
			buildPhases = (
				7C7B49C42263ACDE001F098B /* Sources */,
				7C7B49C52263ACDE001F098B /* Frameworks */,
				7C7B49C62263ACDE001F098B /* Resources */,
			);
			buildRules = (
			);
			dependencies = (
			);
			name = Todoey;
			productName = Todoey;
			productReference = 7C7B49C82263ACDE001F098B /* Todoey.app */;
			productType = "com.apple.product-type.application";
		};
/* End PBXNativeTarget section */

/* Begin PBXProject section */
		7C7B49C02263ACDE001F098B /* Project object */ = {
			isa = PBXProject;
			attributes = {
				LastSwiftUpdateCheck = 0940;
				LastUpgradeCheck = 0940;
				ORGANIZATIONNAME = "Vladimir Zhirov";
				TargetAttributes = {
					7C7B49C72263ACDE001F098B = {
						CreatedOnToolsVersion = 9.4;
					};
				};
			};
			buildConfigurationList = 7C7B49C32263ACDE001F098B /* Build configuration list for PBXProject "Todoey" */;
			compatibilityVersion = "Xcode 9.3";
			developmentRegion = en;
			hasScannedForEncodings = 0;
			knownRegions = (
				en,
				Base,
			);
			mainGroup = 7C7B49BF2263ACDE001F098B;
			productRefGroup = 7C7B49C92263ACDE001F098B /* Products */;
			projectDirPath = "";
			projectRoot = "";
			targets = (
				7C7B49C72263ACDE001F098B /* Todoey */,
			);
		};
/* End PBXProject section */

/* Begin PBXResourcesBuildPhase section */
		7C7B49C62263ACDE001F098B /* Resources */ = {
			isa = PBXResourcesBuildPhase;
			buildActionMask = 2147483647;
			files = (
				7C7B49D62263ACE5001F098B /* LaunchScreen.storyboard in Resources */,
				7C7B49D32263ACE5001F098B /* Assets.xcassets in Resources */,
				7C7B49D12263ACDE001F098B /* Main.storyboard in Resources */,
			);
			runOnlyForDeploymentPostprocessing = 0;
		};
/* End PBXResourcesBuildPhase section */

/* Begin PBXSourcesBuildPhase section */
		7C7B49C42263ACDE001F098B /* Sources */ = {
			isa = PBXSourcesBuildPhase;
			buildActionMask = 2147483647;
			files = (
				7C7B49CE2263ACDE001F098B /* ToDoListViewController.swift in Sources */,
				7CF65EB222661B6C00223F28 /* Item.swift in Sources */,
				7C6DA68F2268E9C6004F3933 /* CATegory1.swift in Sources */,
				7C7B49CC2263ACDE001F098B /* AppDelegate.swift in Sources */,
				7C6DA68D2268E99F004F3933 /* Category.swift in Sources */,
			);
			runOnlyForDeploymentPostprocessing = 0;
		};
/* End PBXSourcesBuildPhase section */

/* Begin PBXVariantGroup section */
		7C7B49CF2263ACDE001F098B /* Main.storyboard */ = {
			isa = PBXVariantGroup;
			children = (
				7C7B49D02263ACDE001F098B /* Base */,
			);
			name = Main.storyboard;
			sourceTree = "<group>";
		};
		7C7B49D42263ACE5001F098B /* LaunchScreen.storyboard */ = {
			isa = PBXVariantGroup;
			children = (
				7C7B49D52263ACE5001F098B /* Base */,
			);
			name = LaunchScreen.storyboard;
			sourceTree = "<group>";
		};
/* End PBXVariantGroup section */

/* Begin XCBuildConfiguration section */
		7C7B49D82263ACE5001F098B /* Debug */ = {
			isa = XCBuildConfiguration;
			buildSettings = {
				ALWAYS_SEARCH_USER_PATHS = NO;
				CLANG_ANALYZER_NONNULL = YES;
				CLANG_ANALYZER_NUMBER_OBJECT_CONVERSION = YES_AGGRESSIVE;
				CLANG_CXX_LANGUAGE_STANDARD = "gnu++14";
				CLANG_CXX_LIBRARY = "libc++";
				CLANG_ENABLE_MODULES = YES;
				CLANG_ENABLE_OBJC_ARC = YES;
				CLANG_ENABLE_OBJC_WEAK = YES;
				CLANG_WARN_BLOCK_CAPTURE_AUTORELEASING = YES;
				CLANG_WARN_BOOL_CONVERSION = YES;
				CLANG_WARN_COMMA = YES;
				CLANG_WARN_CONSTANT_CONVERSION = YES;
				CLANG_WARN_DEPRECATED_OBJC_IMPLEMENTATIONS = YES;
				CLANG_WARN_DIRECT_OBJC_ISA_USAGE = YES_ERROR;
				CLANG_WARN_DOCUMENTATION_COMMENTS = YES;
				CLANG_WARN_EMPTY_BODY = YES;
				CLANG_WARN_ENUM_CONVERSION = YES;
				CLANG_WARN_INFINITE_RECURSION = YES;
				CLANG_WARN_INT_CONVERSION = YES;
				CLANG_WARN_NON_LITERAL_NULL_CONVERSION = YES;
				CLANG_WARN_OBJC_IMPLICIT_RETAIN_SELF = YES;
				CLANG_WARN_OBJC_LITERAL_CONVERSION = YES;
				CLANG_WARN_OBJC_ROOT_CLASS = YES_ERROR;
				CLANG_WARN_RANGE_LOOP_ANALYSIS = YES;
				CLANG_WARN_STRICT_PROTOTYPES = YES;
				CLANG_WARN_SUSPICIOUS_MOVE = YES;
				CLANG_WARN_UNGUARDED_AVAILABILITY = YES_AGGRESSIVE;
				CLANG_WARN_UNREACHABLE_CODE = YES;
				CLANG_WARN__DUPLICATE_METHOD_MATCH = YES;
				CODE_SIGN_IDENTITY = "iPhone Developer";
				COPY_PHASE_STRIP = NO;
				DEBUG_INFORMATION_FORMAT = dwarf;
				ENABLE_STRICT_OBJC_MSGSEND = YES;
				ENABLE_TESTABILITY = YES;
				GCC_C_LANGUAGE_STANDARD = gnu11;
				GCC_DYNAMIC_NO_PIC = NO;
				GCC_NO_COMMON_BLOCKS = YES;
				GCC_OPTIMIZATION_LEVEL = 0;
				GCC_PREPROCESSOR_DEFINITIONS = (
					"DEBUG=1",
					"$(inherited)",
				);
				GCC_WARN_64_TO_32_BIT_CONVERSION = YES;
				GCC_WARN_ABOUT_RETURN_TYPE = YES_ERROR;
				GCC_WARN_UNDECLARED_SELECTOR = YES;
				GCC_WARN_UNINITIALIZED_AUTOS = YES_AGGRESSIVE;
				GCC_WARN_UNUSED_FUNCTION = YES;
				GCC_WARN_UNUSED_VARIABLE = YES;
				IPHONEOS_DEPLOYMENT_TARGET = 11.4;
				MTL_ENABLE_DEBUG_INFO = YES;
				ONLY_ACTIVE_ARCH = YES;
				SDKROOT = iphoneos;
				SWIFT_ACTIVE_COMPILATION_CONDITIONS = DEBUG;
				SWIFT_OPTIMIZATION_LEVEL = "-Onone";
			};
			name = Debug;
		};
		7C7B49D92263ACE5001F098B /* Release */ = {
			isa = XCBuildConfiguration;
			buildSettings = {
				ALWAYS_SEARCH_USER_PATHS = NO;
				CLANG_ANALYZER_NONNULL = YES;
				CLANG_ANALYZER_NUMBER_OBJECT_CONVERSION = YES_AGGRESSIVE;
				CLANG_CXX_LANGUAGE_STANDARD = "gnu++14";
				CLANG_CXX_LIBRARY = "libc++";
				CLANG_ENABLE_MODULES = YES;
				CLANG_ENABLE_OBJC_ARC = YES;
				CLANG_ENABLE_OBJC_WEAK = YES;
				CLANG_WARN_BLOCK_CAPTURE_AUTORELEASING = YES;
				CLANG_WARN_BOOL_CONVERSION = YES;
				CLANG_WARN_COMMA = YES;
				CLANG_WARN_CONSTANT_CONVERSION = YES;
				CLANG_WARN_DEPRECATED_OBJC_IMPLEMENTATIONS = YES;
				CLANG_WARN_DIRECT_OBJC_ISA_USAGE = YES_ERROR;
				CLANG_WARN_DOCUMENTATION_COMMENTS = YES;
				CLANG_WARN_EMPTY_BODY = YES;
				CLANG_WARN_ENUM_CONVERSION = YES;
				CLANG_WARN_INFINITE_RECURSION = YES;
				CLANG_WARN_INT_CONVERSION = YES;
				CLANG_WARN_NON_LITERAL_NULL_CONVERSION = YES;
				CLANG_WARN_OBJC_IMPLICIT_RETAIN_SELF = YES;
				CLANG_WARN_OBJC_LITERAL_CONVERSION = YES;
				CLANG_WARN_OBJC_ROOT_CLASS = YES_ERROR;
				CLANG_WARN_RANGE_LOOP_ANALYSIS = YES;
				CLANG_WARN_STRICT_PROTOTYPES = YES;
				CLANG_WARN_SUSPICIOUS_MOVE = YES;
				CLANG_WARN_UNGUARDED_AVAILABILITY = YES_AGGRESSIVE;
				CLANG_WARN_UNREACHABLE_CODE = YES;
				CLANG_WARN__DUPLICATE_METHOD_MATCH = YES;
				CODE_SIGN_IDENTITY = "iPhone Developer";
				COPY_PHASE_STRIP = NO;
				DEBUG_INFORMATION_FORMAT = "dwarf-with-dsym";
				ENABLE_NS_ASSERTIONS = NO;
				ENABLE_STRICT_OBJC_MSGSEND = YES;
				GCC_C_LANGUAGE_STANDARD = gnu11;
				GCC_NO_COMMON_BLOCKS = YES;
				GCC_WARN_64_TO_32_BIT_CONVERSION = YES;
				GCC_WARN_ABOUT_RETURN_TYPE = YES_ERROR;
				GCC_WARN_UNDECLARED_SELECTOR = YES;
				GCC_WARN_UNINITIALIZED_AUTOS = YES_AGGRESSIVE;
				GCC_WARN_UNUSED_FUNCTION = YES;
				GCC_WARN_UNUSED_VARIABLE = YES;
				IPHONEOS_DEPLOYMENT_TARGET = 11.4;
				MTL_ENABLE_DEBUG_INFO = NO;
				SDKROOT = iphoneos;
				SWIFT_COMPILATION_MODE = wholemodule;
				SWIFT_OPTIMIZATION_LEVEL = "-O";
				VALIDATE_PRODUCT = YES;
			};
			name = Release;
		};
		7C7B49DB2263ACE5001F098B /* Debug */ = {
			isa = XCBuildConfiguration;
			buildSettings = {
				ASSETCATALOG_COMPILER_APPICON_NAME = AppIcon;
				CODE_SIGN_STYLE = Automatic;
				INFOPLIST_FILE = Todoey/Info.plist;
				LD_RUNPATH_SEARCH_PATHS = (
					"$(inherited)",
					"@executable_path/Frameworks",
				);
				PRODUCT_BUNDLE_IDENTIFIER = com.daretocode.Todoey;
				PRODUCT_NAME = "$(TARGET_NAME)";
				SWIFT_VERSION = 4.0;
				TARGETED_DEVICE_FAMILY = "1,2";
			};
			name = Debug;
		};
		7C7B49DC2263ACE5001F098B /* Release */ = {
			isa = XCBuildConfiguration;
			buildSettings = {
				ASSETCATALOG_COMPILER_APPICON_NAME = AppIcon;
				CODE_SIGN_STYLE = Automatic;
				INFOPLIST_FILE = Todoey/Info.plist;
				LD_RUNPATH_SEARCH_PATHS = (
					"$(inherited)",
					"@executable_path/Frameworks",
				);
				PRODUCT_BUNDLE_IDENTIFIER = com.daretocode.Todoey;
				PRODUCT_NAME = "$(TARGET_NAME)";
				SWIFT_VERSION = 4.0;
				TARGETED_DEVICE_FAMILY = "1,2";
			};
			name = Release;
		};
/* End XCBuildConfiguration section */

/* Begin XCConfigurationList section */
		7C7B49C32263ACDE001F098B /* Build configuration list for PBXProject "Todoey" */ = {
			isa = XCConfigurationList;
			buildConfigurations = (
				7C7B49D82263ACE5001F098B /* Debug */,
				7C7B49D92263ACE5001F098B /* Release */,
			);
			defaultConfigurationIsVisible = 0;
			defaultConfigurationName = Release;
		};
		7C7B49DA2263ACE5001F098B /* Build configuration list for PBXNativeTarget "Todoey" */ = {
			isa = XCConfigurationList;
			buildConfigurations = (
				7C7B49DB2263ACE5001F098B /* Debug */,
				7C7B49DC2263ACE5001F098B /* Release */,
			);
			defaultConfigurationIsVisible = 0;
			defaultConfigurationName = Release;
		};
/* End XCConfigurationList section */
	};
	rootObject = 7C7B49C02263ACDE001F098B /* Project object */;
}
